// !$*UTF8*$!
{
	archiveVersion = 1;
	classes = {
	};
	objectVersion = 56;
	objects = {

/* Begin PBXBuildFile section */
		5AC5AD092A0278EF00C59D84 /* AppDelegate.swift in Sources */ = {isa = PBXBuildFile; fileRef = 5AC5AD082A0278EF00C59D84 /* AppDelegate.swift */; };
		5AC5AD0B2A0278EF00C59D84 /* SceneDelegate.swift in Sources */ = {isa = PBXBuildFile; fileRef = 5AC5AD0A2A0278EF00C59D84 /* SceneDelegate.swift */; };
		5AC5AD0D2A0278EF00C59D84 /* PlacesViewController.swift in Sources */ = {isa = PBXBuildFile; fileRef = 5AC5AD0C2A0278EF00C59D84 /* PlacesViewController.swift */; };
		5AC5AD102A0278EF00C59D84 /* Main.storyboard in Resources */ = {isa = PBXBuildFile; fileRef = 5AC5AD0E2A0278EF00C59D84 /* Main.storyboard */; };
		5AC5AD122A0278F000C59D84 /* Assets.xcassets in Resources */ = {isa = PBXBuildFile; fileRef = 5AC5AD112A0278F000C59D84 /* Assets.xcassets */; };
		5AC5AD152A0278F000C59D84 /* LaunchScreen.storyboard in Resources */ = {isa = PBXBuildFile; fileRef = 5AC5AD132A0278F000C59D84 /* LaunchScreen.storyboard */; };
		7525C4C22AB07012003D55F3 /* Places.framework in Frameworks */ = {isa = PBXBuildFile; fileRef = 7525C4B82AB07012003D55F3 /* Places.framework */; };
		7525C4D62AB07096003D55F3 /* PlacesAPIContext.swift in Sources */ = {isa = PBXBuildFile; fileRef = B13196B529DC817600981DC7 /* PlacesAPIContext.swift */; };
		7525C4D72AB070A0003D55F3 /* RemotePlaceItem.swift in Sources */ = {isa = PBXBuildFile; fileRef = B13196B729DC817600981DC7 /* RemotePlaceItem.swift */; };
		7525C4D82AB070A4003D55F3 /* PlacesResponse.swift in Sources */ = {isa = PBXBuildFile; fileRef = B13196B829DC817600981DC7 /* PlacesResponse.swift */; };
		7525C4D92AB070A8003D55F3 /* SearchPlacesRequest.swift in Sources */ = {isa = PBXBuildFile; fileRef = B13196BA29DC817600981DC7 /* SearchPlacesRequest.swift */; };
		7525C4DB2AB070FB003D55F3 /* AdyenNetworking in Frameworks */ = {isa = PBXBuildFile; productRef = 7525C4DA2AB070FB003D55F3 /* AdyenNetworking */; };
		7525C4E42AB07627003D55F3 /* PlacesLoader.swift in Sources */ = {isa = PBXBuildFile; fileRef = 7525C4E32AB07627003D55F3 /* PlacesLoader.swift */; };
		7525C4E72AB076C7003D55F3 /* RemotePlacesLoaderTests.swift in Sources */ = {isa = PBXBuildFile; fileRef = 7525C4E62AB076C7003D55F3 /* RemotePlacesLoaderTests.swift */; };
		7525C4EB2AB09445003D55F3 /* XCTestCase+MemoryLeak.swift in Sources */ = {isa = PBXBuildFile; fileRef = 7525C4EA2AB09445003D55F3 /* XCTestCase+MemoryLeak.swift */; };
		7525C4F22AB0F36A003D55F3 /* RemotePlacesLoader.swift in Sources */ = {isa = PBXBuildFile; fileRef = 7525C4F02AB0F334003D55F3 /* RemotePlacesLoader.swift */; };
		7525C4F52AB1A4E5003D55F3 /* Places.framework in Frameworks */ = {isa = PBXBuildFile; fileRef = 7525C4B82AB07012003D55F3 /* Places.framework */; };
		7525C4F62AB1A4E5003D55F3 /* Places.framework in Embed Frameworks */ = {isa = PBXBuildFile; fileRef = 7525C4B82AB07012003D55F3 /* Places.framework */; settings = {ATTRIBUTES = (CodeSignOnCopy, RemoveHeadersOnCopy, ); }; };
		7525C4FB2AB1A86F003D55F3 /* PlacesLoaderAssembly.swift in Sources */ = {isa = PBXBuildFile; fileRef = 7525C4FA2AB1A86F003D55F3 /* PlacesLoaderAssembly.swift */; };
		7525C5012AB1E6A3003D55F3 /* Dev.xcconfig in Resources */ = {isa = PBXBuildFile; fileRef = 7525C4FE2AB1DD24003D55F3 /* Dev.xcconfig */; };
		7525C5022AB1E742003D55F3 /* FSQConfig.swift in Sources */ = {isa = PBXBuildFile; fileRef = 7525C4FF2AB1DD95003D55F3 /* FSQConfig.swift */; };
		7525C5092AB1ED50003D55F3 /* DevSecrets.xcconfig in Resources */ = {isa = PBXBuildFile; fileRef = 7525C5082AB1ED50003D55F3 /* DevSecrets.xcconfig */; };
		7525C50B2AB1F59E003D55F3 /* LocationController.swift in Sources */ = {isa = PBXBuildFile; fileRef = 7525C50A2AB1F59E003D55F3 /* LocationController.swift */; };
		7525C50D2AB1F989003D55F3 /* CoreLocationControllerTests.swift in Sources */ = {isa = PBXBuildFile; fileRef = 7525C50C2AB1F989003D55F3 /* CoreLocationControllerTests.swift */; };
		75DE90E92AB213C3002762C7 /* CoreLocationController.swift in Sources */ = {isa = PBXBuildFile; fileRef = 75DE90E82AB213C3002762C7 /* CoreLocationController.swift */; };
		75DE90EB2AB2EBCA002762C7 /* Location.swift in Sources */ = {isa = PBXBuildFile; fileRef = 75DE90EA2AB2EBCA002762C7 /* Location.swift */; };
		75DE90EE2AB2FEAC002762C7 /* AlertHelper.swift in Sources */ = {isa = PBXBuildFile; fileRef = 75DE90ED2AB2FEAC002762C7 /* AlertHelper.swift */; };
		75DE90F02AB32E97002762C7 /* Localizable.strings in Resources */ = {isa = PBXBuildFile; fileRef = 75DE90EF2AB32E97002762C7 /* Localizable.strings */; };
		75DE90F22AB32F27002762C7 /* R.swift in Sources */ = {isa = PBXBuildFile; fileRef = 75DE90F12AB32F27002762C7 /* R.swift */; };
		B15C5DC629D61A9300A816C4 /* PlacesUITests.swift in Sources */ = {isa = PBXBuildFile; fileRef = B15C5DC529D61A9300A816C4 /* PlacesUITests.swift */; };
		B15C5DC829D61A9300A816C4 /* PlacesUITestsLaunchTests.swift in Sources */ = {isa = PBXBuildFile; fileRef = B15C5DC729D61A9300A816C4 /* PlacesUITestsLaunchTests.swift */; };
/* End PBXBuildFile section */

/* Begin PBXContainerItemProxy section */
		7525C4C32AB07012003D55F3 /* PBXContainerItemProxy */ = {
			isa = PBXContainerItemProxy;
			containerPortal = B15C5D9F29D61A9200A816C4 /* Project object */;
			proxyType = 1;
			remoteGlobalIDString = 7525C4B72AB07012003D55F3;
			remoteInfo = Places;
		};
		7525C4F72AB1A4E5003D55F3 /* PBXContainerItemProxy */ = {
			isa = PBXContainerItemProxy;
			containerPortal = B15C5D9F29D61A9200A816C4 /* Project object */;
			proxyType = 1;
			remoteGlobalIDString = 7525C4B72AB07012003D55F3;
			remoteInfo = Places;
		};
/* End PBXContainerItemProxy section */

/* Begin PBXCopyFilesBuildPhase section */
		7525C4F92AB1A4E5003D55F3 /* Embed Frameworks */ = {
			isa = PBXCopyFilesBuildPhase;
			buildActionMask = 2147483647;
			dstPath = "";
			dstSubfolderSpec = 10;
			files = (
				7525C4F62AB1A4E5003D55F3 /* Places.framework in Embed Frameworks */,
			);
			name = "Embed Frameworks";
			runOnlyForDeploymentPostprocessing = 0;
		};
/* End PBXCopyFilesBuildPhase section */

/* Begin PBXFileReference section */
		5AC5AD062A0278EF00C59D84 /* PlacesUIKit.app */ = {isa = PBXFileReference; explicitFileType = wrapper.application; includeInIndex = 0; path = PlacesUIKit.app; sourceTree = BUILT_PRODUCTS_DIR; };
		5AC5AD082A0278EF00C59D84 /* AppDelegate.swift */ = {isa = PBXFileReference; lastKnownFileType = sourcecode.swift; path = AppDelegate.swift; sourceTree = "<group>"; };
		5AC5AD0A2A0278EF00C59D84 /* SceneDelegate.swift */ = {isa = PBXFileReference; lastKnownFileType = sourcecode.swift; path = SceneDelegate.swift; sourceTree = "<group>"; };
		5AC5AD0C2A0278EF00C59D84 /* PlacesViewController.swift */ = {isa = PBXFileReference; lastKnownFileType = sourcecode.swift; path = PlacesViewController.swift; sourceTree = "<group>"; };
		5AC5AD0F2A0278EF00C59D84 /* Base */ = {isa = PBXFileReference; lastKnownFileType = file.storyboard; name = Base; path = Base.lproj/Main.storyboard; sourceTree = "<group>"; };
		5AC5AD112A0278F000C59D84 /* Assets.xcassets */ = {isa = PBXFileReference; lastKnownFileType = folder.assetcatalog; path = Assets.xcassets; sourceTree = "<group>"; };
		5AC5AD142A0278F000C59D84 /* Base */ = {isa = PBXFileReference; lastKnownFileType = file.storyboard; name = Base; path = Base.lproj/LaunchScreen.storyboard; sourceTree = "<group>"; };
		5AC5AD162A0278F000C59D84 /* Info.plist */ = {isa = PBXFileReference; lastKnownFileType = text.plist.xml; path = Info.plist; sourceTree = "<group>"; };
		7525C4B82AB07012003D55F3 /* Places.framework */ = {isa = PBXFileReference; explicitFileType = wrapper.framework; includeInIndex = 0; path = Places.framework; sourceTree = BUILT_PRODUCTS_DIR; };
		7525C4C12AB07012003D55F3 /* PlacesTests.xctest */ = {isa = PBXFileReference; explicitFileType = wrapper.cfbundle; includeInIndex = 0; path = PlacesTests.xctest; sourceTree = BUILT_PRODUCTS_DIR; };
		7525C4DC2AB0724B003D55F3 /* PlacesTests.xctestplan */ = {isa = PBXFileReference; lastKnownFileType = text; path = PlacesTests.xctestplan; sourceTree = "<group>"; };
		7525C4E32AB07627003D55F3 /* PlacesLoader.swift */ = {isa = PBXFileReference; lastKnownFileType = sourcecode.swift; path = PlacesLoader.swift; sourceTree = "<group>"; };
		7525C4E62AB076C7003D55F3 /* RemotePlacesLoaderTests.swift */ = {isa = PBXFileReference; lastKnownFileType = sourcecode.swift; path = RemotePlacesLoaderTests.swift; sourceTree = "<group>"; };
		7525C4EA2AB09445003D55F3 /* XCTestCase+MemoryLeak.swift */ = {isa = PBXFileReference; lastKnownFileType = sourcecode.swift; path = "XCTestCase+MemoryLeak.swift"; sourceTree = "<group>"; };
		7525C4F02AB0F334003D55F3 /* RemotePlacesLoader.swift */ = {isa = PBXFileReference; lastKnownFileType = sourcecode.swift; path = RemotePlacesLoader.swift; sourceTree = "<group>"; };
		7525C4FA2AB1A86F003D55F3 /* PlacesLoaderAssembly.swift */ = {isa = PBXFileReference; lastKnownFileType = sourcecode.swift; path = PlacesLoaderAssembly.swift; sourceTree = "<group>"; };
		7525C4FC2AB1D9CC003D55F3 /* PlacesUIKit.xctestplan */ = {isa = PBXFileReference; lastKnownFileType = text; path = PlacesUIKit.xctestplan; sourceTree = "<group>"; };
		7525C4FE2AB1DD24003D55F3 /* Dev.xcconfig */ = {isa = PBXFileReference; lastKnownFileType = text.xcconfig; path = Dev.xcconfig; sourceTree = "<group>"; };
		7525C4FF2AB1DD95003D55F3 /* FSQConfig.swift */ = {isa = PBXFileReference; lastKnownFileType = sourcecode.swift; path = FSQConfig.swift; sourceTree = "<group>"; };
		7525C5082AB1ED50003D55F3 /* DevSecrets.xcconfig */ = {isa = PBXFileReference; lastKnownFileType = text.xcconfig; path = DevSecrets.xcconfig; sourceTree = "<group>"; };
		7525C50A2AB1F59E003D55F3 /* LocationController.swift */ = {isa = PBXFileReference; lastKnownFileType = sourcecode.swift; path = LocationController.swift; sourceTree = "<group>"; };
		7525C50C2AB1F989003D55F3 /* CoreLocationControllerTests.swift */ = {isa = PBXFileReference; lastKnownFileType = sourcecode.swift; path = CoreLocationControllerTests.swift; sourceTree = "<group>"; };
		75DE90E82AB213C3002762C7 /* CoreLocationController.swift */ = {isa = PBXFileReference; lastKnownFileType = sourcecode.swift; path = CoreLocationController.swift; sourceTree = "<group>"; };
		75DE90EA2AB2EBCA002762C7 /* Location.swift */ = {isa = PBXFileReference; lastKnownFileType = sourcecode.swift; path = Location.swift; sourceTree = "<group>"; };
		75DE90ED2AB2FEAC002762C7 /* AlertHelper.swift */ = {isa = PBXFileReference; lastKnownFileType = sourcecode.swift; path = AlertHelper.swift; sourceTree = "<group>"; };
		75DE90EF2AB32E97002762C7 /* Localizable.strings */ = {isa = PBXFileReference; lastKnownFileType = text.plist.strings; path = Localizable.strings; sourceTree = "<group>"; };
		75DE90F12AB32F27002762C7 /* R.swift */ = {isa = PBXFileReference; lastKnownFileType = sourcecode.swift; path = R.swift; sourceTree = "<group>"; };
		B13196B529DC817600981DC7 /* PlacesAPIContext.swift */ = {isa = PBXFileReference; fileEncoding = 4; lastKnownFileType = sourcecode.swift; path = PlacesAPIContext.swift; sourceTree = "<group>"; };
		B13196B729DC817600981DC7 /* RemotePlaceItem.swift */ = {isa = PBXFileReference; fileEncoding = 4; lastKnownFileType = sourcecode.swift; path = RemotePlaceItem.swift; sourceTree = "<group>"; };
		B13196B829DC817600981DC7 /* PlacesResponse.swift */ = {isa = PBXFileReference; fileEncoding = 4; lastKnownFileType = sourcecode.swift; path = PlacesResponse.swift; sourceTree = "<group>"; };
		B13196BA29DC817600981DC7 /* SearchPlacesRequest.swift */ = {isa = PBXFileReference; fileEncoding = 4; lastKnownFileType = sourcecode.swift; path = SearchPlacesRequest.swift; sourceTree = "<group>"; };
		B15C5DC129D61A9300A816C4 /* PlacesUITests.xctest */ = {isa = PBXFileReference; explicitFileType = wrapper.cfbundle; includeInIndex = 0; path = PlacesUITests.xctest; sourceTree = BUILT_PRODUCTS_DIR; };
		B15C5DC529D61A9300A816C4 /* PlacesUITests.swift */ = {isa = PBXFileReference; lastKnownFileType = sourcecode.swift; path = PlacesUITests.swift; sourceTree = "<group>"; };
		B15C5DC729D61A9300A816C4 /* PlacesUITestsLaunchTests.swift */ = {isa = PBXFileReference; lastKnownFileType = sourcecode.swift; path = PlacesUITestsLaunchTests.swift; sourceTree = "<group>"; };
/* End PBXFileReference section */

/* Begin PBXFrameworksBuildPhase section */
		5AC5AD032A0278EF00C59D84 /* Frameworks */ = {
			isa = PBXFrameworksBuildPhase;
			buildActionMask = 2147483647;
			files = (
				7525C4F52AB1A4E5003D55F3 /* Places.framework in Frameworks */,
			);
			runOnlyForDeploymentPostprocessing = 0;
		};
		7525C4B52AB07012003D55F3 /* Frameworks */ = {
			isa = PBXFrameworksBuildPhase;
			buildActionMask = 2147483647;
			files = (
				7525C4DB2AB070FB003D55F3 /* AdyenNetworking in Frameworks */,
			);
			runOnlyForDeploymentPostprocessing = 0;
		};
		7525C4BE2AB07012003D55F3 /* Frameworks */ = {
			isa = PBXFrameworksBuildPhase;
			buildActionMask = 2147483647;
			files = (
				7525C4C22AB07012003D55F3 /* Places.framework in Frameworks */,
			);
			runOnlyForDeploymentPostprocessing = 0;
		};
		B15C5DBE29D61A9300A816C4 /* Frameworks */ = {
			isa = PBXFrameworksBuildPhase;
			buildActionMask = 2147483647;
			files = (
			);
			runOnlyForDeploymentPostprocessing = 0;
		};
/* End PBXFrameworksBuildPhase section */

/* Begin PBXGroup section */
		5AC5AD072A0278EF00C59D84 /* PlacesUIKit */ = {
			isa = PBXGroup;
			children = (
				75DE90EC2AB2FE9E002762C7 /* Helpers */,
				7525C4FD2AB1DCBB003D55F3 /* Configuration */,
				5AC5AD082A0278EF00C59D84 /* AppDelegate.swift */,
				5AC5AD0A2A0278EF00C59D84 /* SceneDelegate.swift */,
				5AC5AD0C2A0278EF00C59D84 /* PlacesViewController.swift */,
				5AC5AD0E2A0278EF00C59D84 /* Main.storyboard */,
				5AC5AD112A0278F000C59D84 /* Assets.xcassets */,
				5AC5AD132A0278F000C59D84 /* LaunchScreen.storyboard */,
				5AC5AD162A0278F000C59D84 /* Info.plist */,
				7525C4FC2AB1D9CC003D55F3 /* PlacesUIKit.xctestplan */,
				75DE90EF2AB32E97002762C7 /* Localizable.strings */,
			);
			path = PlacesUIKit;
			sourceTree = "<group>";
		};
		7525C4B92AB07012003D55F3 /* Places */ = {
			isa = PBXGroup;
			children = (
				75DE90E72AB213B3002762C7 /* CoreLocation */,
				7525C4E02AB07517003D55F3 /* PlacesFeature */,
				B13196B429DC817600981DC7 /* Places API */,
			);
			path = Places;
			sourceTree = "<group>";
		};
		7525C4C72AB07012003D55F3 /* PlacesTests */ = {
			isa = PBXGroup;
			children = (
				75DE90E62AB20C9A002762C7 /* Helpers */,
				7525C4DC2AB0724B003D55F3 /* PlacesTests.xctestplan */,
				7525C4E62AB076C7003D55F3 /* RemotePlacesLoaderTests.swift */,
				7525C50C2AB1F989003D55F3 /* CoreLocationControllerTests.swift */,
			);
			path = PlacesTests;
			sourceTree = "<group>";
		};
		7525C4E02AB07517003D55F3 /* PlacesFeature */ = {
			isa = PBXGroup;
			children = (
				7525C4E32AB07627003D55F3 /* PlacesLoader.swift */,
				75DE90EA2AB2EBCA002762C7 /* Location.swift */,
				7525C4FA2AB1A86F003D55F3 /* PlacesLoaderAssembly.swift */,
				7525C50A2AB1F59E003D55F3 /* LocationController.swift */,
			);
			path = PlacesFeature;
			sourceTree = "<group>";
		};
		7525C4EF2AB0F309003D55F3 /* AdyenNetworking */ = {
			isa = PBXGroup;
			children = (
				B13196B529DC817600981DC7 /* PlacesAPIContext.swift */,
				B13196B929DC817600981DC7 /* Requests */,
				B13196B629DC817600981DC7 /* Model */,
			);
			path = AdyenNetworking;
			sourceTree = "<group>";
		};
		7525C4FD2AB1DCBB003D55F3 /* Configuration */ = {
			isa = PBXGroup;
			children = (
				7525C4FE2AB1DD24003D55F3 /* Dev.xcconfig */,
				7525C5082AB1ED50003D55F3 /* DevSecrets.xcconfig */,
			);
			path = Configuration;
			sourceTree = "<group>";
		};
		75DE90E62AB20C9A002762C7 /* Helpers */ = {
			isa = PBXGroup;
			children = (
				7525C4EA2AB09445003D55F3 /* XCTestCase+MemoryLeak.swift */,
			);
			path = Helpers;
			sourceTree = "<group>";
		};
		75DE90E72AB213B3002762C7 /* CoreLocation */ = {
			isa = PBXGroup;
			children = (
				75DE90E82AB213C3002762C7 /* CoreLocationController.swift */,
			);
			path = CoreLocation;
			sourceTree = "<group>";
		};
		75DE90EC2AB2FE9E002762C7 /* Helpers */ = {
			isa = PBXGroup;
			children = (
				75DE90ED2AB2FEAC002762C7 /* AlertHelper.swift */,
				75DE90F12AB32F27002762C7 /* R.swift */,
			);
			path = Helpers;
			sourceTree = "<group>";
		};
		B13196B429DC817600981DC7 /* Places API */ = {
			isa = PBXGroup;
			children = (
				7525C4F02AB0F334003D55F3 /* RemotePlacesLoader.swift */,
				7525C4FF2AB1DD95003D55F3 /* FSQConfig.swift */,
				7525C4EF2AB0F309003D55F3 /* AdyenNetworking */,
			);
			path = "Places API";
			sourceTree = "<group>";
		};
		B13196B629DC817600981DC7 /* Model */ = {
			isa = PBXGroup;
			children = (
				B13196B729DC817600981DC7 /* RemotePlaceItem.swift */,
				B13196B829DC817600981DC7 /* PlacesResponse.swift */,
			);
			path = Model;
			sourceTree = "<group>";
		};
		B13196B929DC817600981DC7 /* Requests */ = {
			isa = PBXGroup;
			children = (
				B13196BA29DC817600981DC7 /* SearchPlacesRequest.swift */,
			);
			path = Requests;
			sourceTree = "<group>";
		};
		B15C5D9E29D61A9200A816C4 = {
			isa = PBXGroup;
			children = (
				5AC5AD072A0278EF00C59D84 /* PlacesUIKit */,
				7525C4B92AB07012003D55F3 /* Places */,
				7525C4C72AB07012003D55F3 /* PlacesTests */,
				B15C5DC429D61A9300A816C4 /* PlacesUITests */,
				B15C5DA829D61A9200A816C4 /* Products */,
				B19F1F072A02AE6300BAAF00 /* Frameworks */,
			);
			sourceTree = "<group>";
		};
		B15C5DA829D61A9200A816C4 /* Products */ = {
			isa = PBXGroup;
			children = (
				B15C5DC129D61A9300A816C4 /* PlacesUITests.xctest */,
				5AC5AD062A0278EF00C59D84 /* PlacesUIKit.app */,
				7525C4B82AB07012003D55F3 /* Places.framework */,
				7525C4C12AB07012003D55F3 /* PlacesTests.xctest */,
			);
			name = Products;
			sourceTree = "<group>";
		};
		B15C5DC429D61A9300A816C4 /* PlacesUITests */ = {
			isa = PBXGroup;
			children = (
				B15C5DC529D61A9300A816C4 /* PlacesUITests.swift */,
				B15C5DC729D61A9300A816C4 /* PlacesUITestsLaunchTests.swift */,
			);
			path = PlacesUITests;
			sourceTree = "<group>";
		};
		B19F1F072A02AE6300BAAF00 /* Frameworks */ = {
			isa = PBXGroup;
			children = (
			);
			name = Frameworks;
			sourceTree = "<group>";
		};
/* End PBXGroup section */

/* Begin PBXHeadersBuildPhase section */
		7525C4B32AB07012003D55F3 /* Headers */ = {
			isa = PBXHeadersBuildPhase;
			buildActionMask = 2147483647;
			files = (
			);
			runOnlyForDeploymentPostprocessing = 0;
		};
/* End PBXHeadersBuildPhase section */

/* Begin PBXNativeTarget section */
		5AC5AD052A0278EF00C59D84 /* PlacesUIKit */ = {
			isa = PBXNativeTarget;
			buildConfigurationList = 5AC5AD172A0278F000C59D84 /* Build configuration list for PBXNativeTarget "PlacesUIKit" */;
			buildPhases = (
				5AC5AD022A0278EF00C59D84 /* Sources */,
				5AC5AD032A0278EF00C59D84 /* Frameworks */,
				5AC5AD042A0278EF00C59D84 /* Resources */,
				7525C4F92AB1A4E5003D55F3 /* Embed Frameworks */,
			);
			buildRules = (
			);
			dependencies = (
				7525C4F82AB1A4E5003D55F3 /* PBXTargetDependency */,
			);
			name = PlacesUIKit;
			packageProductDependencies = (
			);
			productName = PlacesUIKit;
			productReference = 5AC5AD062A0278EF00C59D84 /* PlacesUIKit.app */;
			productType = "com.apple.product-type.application";
		};
		7525C4B72AB07012003D55F3 /* Places */ = {
			isa = PBXNativeTarget;
			buildConfigurationList = 7525C4D42AB07012003D55F3 /* Build configuration list for PBXNativeTarget "Places" */;
			buildPhases = (
				7525C4B32AB07012003D55F3 /* Headers */,
				7525C4B42AB07012003D55F3 /* Sources */,
				7525C4B52AB07012003D55F3 /* Frameworks */,
				7525C4B62AB07012003D55F3 /* Resources */,
			);
			buildRules = (
			);
			dependencies = (
			);
			name = Places;
			packageProductDependencies = (
				7525C4DA2AB070FB003D55F3 /* AdyenNetworking */,
			);
			productName = Places;
			productReference = 7525C4B82AB07012003D55F3 /* Places.framework */;
			productType = "com.apple.product-type.framework";
		};
		7525C4C02AB07012003D55F3 /* PlacesTests */ = {
			isa = PBXNativeTarget;
			buildConfigurationList = 7525C4D52AB07012003D55F3 /* Build configuration list for PBXNativeTarget "PlacesTests" */;
			buildPhases = (
				7525C4BD2AB07012003D55F3 /* Sources */,
				7525C4BE2AB07012003D55F3 /* Frameworks */,
				7525C4BF2AB07012003D55F3 /* Resources */,
			);
			buildRules = (
			);
			dependencies = (
				7525C4C42AB07012003D55F3 /* PBXTargetDependency */,
			);
			name = PlacesTests;
			productName = PlacesTests;
			productReference = 7525C4C12AB07012003D55F3 /* PlacesTests.xctest */;
			productType = "com.apple.product-type.bundle.unit-test";
		};
		B15C5DC029D61A9300A816C4 /* PlacesUITests */ = {
			isa = PBXNativeTarget;
			buildConfigurationList = B15C5DD129D61A9300A816C4 /* Build configuration list for PBXNativeTarget "PlacesUITests" */;
			buildPhases = (
				B15C5DBD29D61A9300A816C4 /* Sources */,
				B15C5DBE29D61A9300A816C4 /* Frameworks */,
				B15C5DBF29D61A9300A816C4 /* Resources */,
			);
			buildRules = (
			);
			dependencies = (
			);
			name = PlacesUITests;
			productName = PlacesUITests;
			productReference = B15C5DC129D61A9300A816C4 /* PlacesUITests.xctest */;
			productType = "com.apple.product-type.bundle.ui-testing";
		};
/* End PBXNativeTarget section */

/* Begin PBXProject section */
		B15C5D9F29D61A9200A816C4 /* Project object */ = {
			isa = PBXProject;
			attributes = {
				BuildIndependentTargetsInParallel = 1;
				LastSwiftUpdateCheck = 1430;
				LastUpgradeCheck = 1420;
				TargetAttributes = {
					5AC5AD052A0278EF00C59D84 = {
						CreatedOnToolsVersion = 14.3;
					};
					7525C4B72AB07012003D55F3 = {
						CreatedOnToolsVersion = 14.3.1;
					};
					7525C4C02AB07012003D55F3 = {
						CreatedOnToolsVersion = 14.3.1;
						LastSwiftMigration = 1430;
						TestTargetID = B15C5DA629D61A9200A816C4;
					};
					B15C5DC029D61A9300A816C4 = {
						CreatedOnToolsVersion = 14.2;
						TestTargetID = B15C5DA629D61A9200A816C4;
					};
				};
			};
			buildConfigurationList = B15C5DA229D61A9200A816C4 /* Build configuration list for PBXProject "Places" */;
			compatibilityVersion = "Xcode 14.0";
			developmentRegion = en;
			hasScannedForEncodings = 0;
			knownRegions = (
				en,
				Base,
			);
			mainGroup = B15C5D9E29D61A9200A816C4;
			packageReferences = (
				B15C5DD429D61AC000A816C4 /* XCRemoteSwiftPackageReference "adyen-networking-ios" */,
			);
			productRefGroup = B15C5DA829D61A9200A816C4 /* Products */;
			projectDirPath = "";
			projectRoot = "";
			targets = (
				7525C4B72AB07012003D55F3 /* Places */,
				7525C4C02AB07012003D55F3 /* PlacesTests */,
				5AC5AD052A0278EF00C59D84 /* PlacesUIKit */,
				B15C5DC029D61A9300A816C4 /* PlacesUITests */,
			);
		};
/* End PBXProject section */

/* Begin PBXResourcesBuildPhase section */
		5AC5AD042A0278EF00C59D84 /* Resources */ = {
			isa = PBXResourcesBuildPhase;
			buildActionMask = 2147483647;
			files = (
				5AC5AD152A0278F000C59D84 /* LaunchScreen.storyboard in Resources */,
				75DE90F02AB32E97002762C7 /* Localizable.strings in Resources */,
				7525C5092AB1ED50003D55F3 /* DevSecrets.xcconfig in Resources */,
				5AC5AD122A0278F000C59D84 /* Assets.xcassets in Resources */,
				7525C5012AB1E6A3003D55F3 /* Dev.xcconfig in Resources */,
				5AC5AD102A0278EF00C59D84 /* Main.storyboard in Resources */,
			);
			runOnlyForDeploymentPostprocessing = 0;
		};
		7525C4B62AB07012003D55F3 /* Resources */ = {
			isa = PBXResourcesBuildPhase;
			buildActionMask = 2147483647;
			files = (
			);
			runOnlyForDeploymentPostprocessing = 0;
		};
		7525C4BF2AB07012003D55F3 /* Resources */ = {
			isa = PBXResourcesBuildPhase;
			buildActionMask = 2147483647;
			files = (
			);
			runOnlyForDeploymentPostprocessing = 0;
		};
		B15C5DBF29D61A9300A816C4 /* Resources */ = {
			isa = PBXResourcesBuildPhase;
			buildActionMask = 2147483647;
			files = (
			);
			runOnlyForDeploymentPostprocessing = 0;
		};
/* End PBXResourcesBuildPhase section */

/* Begin PBXSourcesBuildPhase section */
		5AC5AD022A0278EF00C59D84 /* Sources */ = {
			isa = PBXSourcesBuildPhase;
			buildActionMask = 2147483647;
			files = (
				75DE90EE2AB2FEAC002762C7 /* AlertHelper.swift in Sources */,
				5AC5AD0D2A0278EF00C59D84 /* PlacesViewController.swift in Sources */,
				5AC5AD092A0278EF00C59D84 /* AppDelegate.swift in Sources */,
				75DE90F22AB32F27002762C7 /* R.swift in Sources */,
				5AC5AD0B2A0278EF00C59D84 /* SceneDelegate.swift in Sources */,
			);
			runOnlyForDeploymentPostprocessing = 0;
		};
		7525C4B42AB07012003D55F3 /* Sources */ = {
			isa = PBXSourcesBuildPhase;
			buildActionMask = 2147483647;
			files = (
				7525C4E42AB07627003D55F3 /* PlacesLoader.swift in Sources */,
				75DE90EB2AB2EBCA002762C7 /* Location.swift in Sources */,
				7525C4D72AB070A0003D55F3 /* RemotePlaceItem.swift in Sources */,
				7525C5022AB1E742003D55F3 /* FSQConfig.swift in Sources */,
				7525C4D62AB07096003D55F3 /* PlacesAPIContext.swift in Sources */,
				7525C4D82AB070A4003D55F3 /* PlacesResponse.swift in Sources */,
				75DE90E92AB213C3002762C7 /* CoreLocationController.swift in Sources */,
				7525C4FB2AB1A86F003D55F3 /* PlacesLoaderAssembly.swift in Sources */,
				7525C4F22AB0F36A003D55F3 /* RemotePlacesLoader.swift in Sources */,
				7525C50B2AB1F59E003D55F3 /* LocationController.swift in Sources */,
				7525C4D92AB070A8003D55F3 /* SearchPlacesRequest.swift in Sources */,
			);
			runOnlyForDeploymentPostprocessing = 0;
		};
		7525C4BD2AB07012003D55F3 /* Sources */ = {
			isa = PBXSourcesBuildPhase;
			buildActionMask = 2147483647;
			files = (
				7525C4E72AB076C7003D55F3 /* RemotePlacesLoaderTests.swift in Sources */,
				7525C50D2AB1F989003D55F3 /* CoreLocationControllerTests.swift in Sources */,
				7525C4EB2AB09445003D55F3 /* XCTestCase+MemoryLeak.swift in Sources */,
			);
			runOnlyForDeploymentPostprocessing = 0;
		};
		B15C5DBD29D61A9300A816C4 /* Sources */ = {
			isa = PBXSourcesBuildPhase;
			buildActionMask = 2147483647;
			files = (
				B15C5DC829D61A9300A816C4 /* PlacesUITestsLaunchTests.swift in Sources */,
				B15C5DC629D61A9300A816C4 /* PlacesUITests.swift in Sources */,
			);
			runOnlyForDeploymentPostprocessing = 0;
		};
/* End PBXSourcesBuildPhase section */

/* Begin PBXTargetDependency section */
		7525C4C42AB07012003D55F3 /* PBXTargetDependency */ = {
			isa = PBXTargetDependency;
			target = 7525C4B72AB07012003D55F3 /* Places */;
			targetProxy = 7525C4C32AB07012003D55F3 /* PBXContainerItemProxy */;
		};
		7525C4F82AB1A4E5003D55F3 /* PBXTargetDependency */ = {
			isa = PBXTargetDependency;
			target = 7525C4B72AB07012003D55F3 /* Places */;
			targetProxy = 7525C4F72AB1A4E5003D55F3 /* PBXContainerItemProxy */;
		};
/* End PBXTargetDependency section */

/* Begin PBXVariantGroup section */
		5AC5AD0E2A0278EF00C59D84 /* Main.storyboard */ = {
			isa = PBXVariantGroup;
			children = (
				5AC5AD0F2A0278EF00C59D84 /* Base */,
			);
			name = Main.storyboard;
			sourceTree = "<group>";
		};
		5AC5AD132A0278F000C59D84 /* LaunchScreen.storyboard */ = {
			isa = PBXVariantGroup;
			children = (
				5AC5AD142A0278F000C59D84 /* Base */,
			);
			name = LaunchScreen.storyboard;
			sourceTree = "<group>";
		};
/* End PBXVariantGroup section */

/* Begin XCBuildConfiguration section */
		5AC5AD182A0278F000C59D84 /* Debug */ = {
			isa = XCBuildConfiguration;
			baseConfigurationReference = 7525C4FE2AB1DD24003D55F3 /* Dev.xcconfig */;
			buildSettings = {
				ASSETCATALOG_COMPILER_APPICON_NAME = AppIcon;
				ASSETCATALOG_COMPILER_GLOBAL_ACCENT_COLOR_NAME = AccentColor;
				CODE_SIGN_STYLE = Automatic;
				CURRENT_PROJECT_VERSION = 1;
				DEVELOPMENT_TEAM = "";
				GENERATE_INFOPLIST_FILE = YES;
				INFOPLIST_FILE = PlacesUIKit/Info.plist;
				INFOPLIST_KEY_UIApplicationSupportsIndirectInputEvents = YES;
				INFOPLIST_KEY_UILaunchStoryboardName = LaunchScreen;
				INFOPLIST_KEY_UIMainStoryboardFile = Main;
				INFOPLIST_KEY_UISupportedInterfaceOrientations_iPad = "UIInterfaceOrientationPortrait UIInterfaceOrientationPortraitUpsideDown UIInterfaceOrientationLandscapeLeft UIInterfaceOrientationLandscapeRight";
				INFOPLIST_KEY_UISupportedInterfaceOrientations_iPhone = "UIInterfaceOrientationPortrait UIInterfaceOrientationLandscapeLeft UIInterfaceOrientationLandscapeRight";
				IPHONEOS_DEPLOYMENT_TARGET = 16.4;
				LD_RUNPATH_SEARCH_PATHS = (
					"$(inherited)",
					"@executable_path/Frameworks",
				);
				MARKETING_VERSION = 1.0;
				PRODUCT_BUNDLE_IDENTIFIER = com.adyen.PlacesUIKit;
				PRODUCT_NAME = "$(TARGET_NAME)";
				SWIFT_EMIT_LOC_STRINGS = YES;
				SWIFT_VERSION = 5.0;
				TARGETED_DEVICE_FAMILY = "1,2";
			};
			name = Debug;
		};
		5AC5AD192A0278F000C59D84 /* Release */ = {
			isa = XCBuildConfiguration;
			buildSettings = {
				ASSETCATALOG_COMPILER_APPICON_NAME = AppIcon;
				ASSETCATALOG_COMPILER_GLOBAL_ACCENT_COLOR_NAME = AccentColor;
				CODE_SIGN_STYLE = Automatic;
				CURRENT_PROJECT_VERSION = 1;
				DEVELOPMENT_TEAM = "";
				GENERATE_INFOPLIST_FILE = YES;
				INFOPLIST_FILE = PlacesUIKit/Info.plist;
				INFOPLIST_KEY_UIApplicationSupportsIndirectInputEvents = YES;
				INFOPLIST_KEY_UILaunchStoryboardName = LaunchScreen;
				INFOPLIST_KEY_UIMainStoryboardFile = Main;
				INFOPLIST_KEY_UISupportedInterfaceOrientations_iPad = "UIInterfaceOrientationPortrait UIInterfaceOrientationPortraitUpsideDown UIInterfaceOrientationLandscapeLeft UIInterfaceOrientationLandscapeRight";
				INFOPLIST_KEY_UISupportedInterfaceOrientations_iPhone = "UIInterfaceOrientationPortrait UIInterfaceOrientationLandscapeLeft UIInterfaceOrientationLandscapeRight";
				IPHONEOS_DEPLOYMENT_TARGET = 16.4;
				LD_RUNPATH_SEARCH_PATHS = (
					"$(inherited)",
					"@executable_path/Frameworks",
				);
				MARKETING_VERSION = 1.0;
				PRODUCT_BUNDLE_IDENTIFIER = com.adyen.PlacesUIKit;
				PRODUCT_NAME = "$(TARGET_NAME)";
				SWIFT_EMIT_LOC_STRINGS = YES;
				SWIFT_VERSION = 5.0;
				TARGETED_DEVICE_FAMILY = "1,2";
			};
			name = Release;
		};
		7525C4D02AB07012003D55F3 /* Debug */ = {
			isa = XCBuildConfiguration;
			buildSettings = {
				CODE_SIGN_STYLE = Automatic;
				CURRENT_PROJECT_VERSION = 1;
				DEFINES_MODULE = YES;
				DYLIB_COMPATIBILITY_VERSION = 1;
				DYLIB_CURRENT_VERSION = 1;
				DYLIB_INSTALL_NAME_BASE = "@rpath";
				ENABLE_MODULE_VERIFIER = YES;
				GENERATE_INFOPLIST_FILE = YES;
				INFOPLIST_KEY_NSHumanReadableCopyright = "";
				INSTALL_PATH = "$(LOCAL_LIBRARY_DIR)/Frameworks";
				IPHONEOS_DEPLOYMENT_TARGET = 16.4;
				LD_RUNPATH_SEARCH_PATHS = (
					"$(inherited)",
					"@executable_path/Frameworks",
					"@loader_path/Frameworks",
				);
				MARKETING_VERSION = 1.0;
				MODULE_VERIFIER_SUPPORTED_LANGUAGES = "objective-c objective-c++";
				MODULE_VERIFIER_SUPPORTED_LANGUAGE_STANDARDS = "gnu11 gnu++20";
				PRODUCT_BUNDLE_IDENTIFIER = "com.andrii-mamchenko.adyen-assignment.Places";
				PRODUCT_NAME = "$(TARGET_NAME:c99extidentifier)";
				SKIP_INSTALL = YES;
				SWIFT_EMIT_LOC_STRINGS = YES;
				SWIFT_VERSION = 5.0;
				TARGETED_DEVICE_FAMILY = "1,2";
				VERSIONING_SYSTEM = "apple-generic";
				VERSION_INFO_PREFIX = "";
			};
			name = Debug;
		};
		7525C4D12AB07012003D55F3 /* Release */ = {
			isa = XCBuildConfiguration;
			buildSettings = {
				CODE_SIGN_STYLE = Automatic;
				CURRENT_PROJECT_VERSION = 1;
				DEFINES_MODULE = YES;
				DYLIB_COMPATIBILITY_VERSION = 1;
				DYLIB_CURRENT_VERSION = 1;
				DYLIB_INSTALL_NAME_BASE = "@rpath";
				ENABLE_MODULE_VERIFIER = YES;
				GENERATE_INFOPLIST_FILE = YES;
				INFOPLIST_KEY_NSHumanReadableCopyright = "";
				INSTALL_PATH = "$(LOCAL_LIBRARY_DIR)/Frameworks";
				IPHONEOS_DEPLOYMENT_TARGET = 16.4;
				LD_RUNPATH_SEARCH_PATHS = (
					"$(inherited)",
					"@executable_path/Frameworks",
					"@loader_path/Frameworks",
				);
				MARKETING_VERSION = 1.0;
				MODULE_VERIFIER_SUPPORTED_LANGUAGES = "objective-c objective-c++";
				MODULE_VERIFIER_SUPPORTED_LANGUAGE_STANDARDS = "gnu11 gnu++20";
				PRODUCT_BUNDLE_IDENTIFIER = "com.andrii-mamchenko.adyen-assignment.Places";
				PRODUCT_NAME = "$(TARGET_NAME:c99extidentifier)";
				SKIP_INSTALL = YES;
				SWIFT_EMIT_LOC_STRINGS = YES;
				SWIFT_VERSION = 5.0;
				TARGETED_DEVICE_FAMILY = "1,2";
				VERSIONING_SYSTEM = "apple-generic";
				VERSION_INFO_PREFIX = "";
			};
			name = Release;
		};
		7525C4D22AB07012003D55F3 /* Debug */ = {
			isa = XCBuildConfiguration;
			buildSettings = {
				ALWAYS_EMBED_SWIFT_STANDARD_LIBRARIES = YES;
				CLANG_ENABLE_MODULES = YES;
				CODE_SIGN_STYLE = Automatic;
				CURRENT_PROJECT_VERSION = 1;
				DEVELOPMENT_TEAM = 4TDY757HQH;
				GENERATE_INFOPLIST_FILE = YES;
				IPHONEOS_DEPLOYMENT_TARGET = 16.4;
				MARKETING_VERSION = 1.0;
				PRODUCT_BUNDLE_IDENTIFIER = "com.andrii-mamchenko.adyen-assignment.PlacesTests";
				PRODUCT_NAME = "$(TARGET_NAME)";
				SWIFT_EMIT_LOC_STRINGS = NO;
				SWIFT_OPTIMIZATION_LEVEL = "-Onone";
				SWIFT_VERSION = 5.0;
				TARGETED_DEVICE_FAMILY = "1,2";
			};
			name = Debug;
		};
		7525C4D32AB07012003D55F3 /* Release */ = {
			isa = XCBuildConfiguration;
			buildSettings = {
				ALWAYS_EMBED_SWIFT_STANDARD_LIBRARIES = YES;
				CLANG_ENABLE_MODULES = YES;
				CODE_SIGN_STYLE = Automatic;
				CURRENT_PROJECT_VERSION = 1;
				DEVELOPMENT_TEAM = 4TDY757HQH;
				GENERATE_INFOPLIST_FILE = YES;
				IPHONEOS_DEPLOYMENT_TARGET = 16.4;
				MARKETING_VERSION = 1.0;
				PRODUCT_BUNDLE_IDENTIFIER = "com.andrii-mamchenko.adyen-assignment.PlacesTests";
				PRODUCT_NAME = "$(TARGET_NAME)";
				SWIFT_EMIT_LOC_STRINGS = NO;
				SWIFT_VERSION = 5.0;
				TARGETED_DEVICE_FAMILY = "1,2";
			};
			name = Release;
		};
		B15C5DC929D61A9300A816C4 /* Debug */ = {
			isa = XCBuildConfiguration;
			buildSettings = {
				ALWAYS_SEARCH_USER_PATHS = NO;
				CLANG_ANALYZER_NONNULL = YES;
				CLANG_ANALYZER_NUMBER_OBJECT_CONVERSION = YES_AGGRESSIVE;
				CLANG_CXX_LANGUAGE_STANDARD = "gnu++20";
				CLANG_ENABLE_MODULES = YES;
				CLANG_ENABLE_OBJC_ARC = YES;
				CLANG_ENABLE_OBJC_WEAK = YES;
				CLANG_WARN_BLOCK_CAPTURE_AUTORELEASING = YES;
				CLANG_WARN_BOOL_CONVERSION = YES;
				CLANG_WARN_COMMA = YES;
				CLANG_WARN_CONSTANT_CONVERSION = YES;
				CLANG_WARN_DEPRECATED_OBJC_IMPLEMENTATIONS = YES;
				CLANG_WARN_DIRECT_OBJC_ISA_USAGE = YES_ERROR;
				CLANG_WARN_DOCUMENTATION_COMMENTS = YES;
				CLANG_WARN_EMPTY_BODY = YES;
				CLANG_WARN_ENUM_CONVERSION = YES;
				CLANG_WARN_INFINITE_RECURSION = YES;
				CLANG_WARN_INT_CONVERSION = YES;
				CLANG_WARN_NON_LITERAL_NULL_CONVERSION = YES;
				CLANG_WARN_OBJC_IMPLICIT_RETAIN_SELF = YES;
				CLANG_WARN_OBJC_LITERAL_CONVERSION = YES;
				CLANG_WARN_OBJC_ROOT_CLASS = YES_ERROR;
				CLANG_WARN_QUOTED_INCLUDE_IN_FRAMEWORK_HEADER = YES;
				CLANG_WARN_RANGE_LOOP_ANALYSIS = YES;
				CLANG_WARN_STRICT_PROTOTYPES = YES;
				CLANG_WARN_SUSPICIOUS_MOVE = YES;
				CLANG_WARN_UNGUARDED_AVAILABILITY = YES_AGGRESSIVE;
				CLANG_WARN_UNREACHABLE_CODE = YES;
				CLANG_WARN__DUPLICATE_METHOD_MATCH = YES;
				COPY_PHASE_STRIP = NO;
				DEBUG_INFORMATION_FORMAT = dwarf;
				ENABLE_STRICT_OBJC_MSGSEND = YES;
				ENABLE_TESTABILITY = YES;
				GCC_C_LANGUAGE_STANDARD = gnu11;
				GCC_DYNAMIC_NO_PIC = NO;
				GCC_NO_COMMON_BLOCKS = YES;
				GCC_OPTIMIZATION_LEVEL = 0;
				GCC_PREPROCESSOR_DEFINITIONS = (
					"DEBUG=1",
					"$(inherited)",
				);
				GCC_WARN_64_TO_32_BIT_CONVERSION = YES;
				GCC_WARN_ABOUT_RETURN_TYPE = YES_ERROR;
				GCC_WARN_UNDECLARED_SELECTOR = YES;
				GCC_WARN_UNINITIALIZED_AUTOS = YES_AGGRESSIVE;
				GCC_WARN_UNUSED_FUNCTION = YES;
				GCC_WARN_UNUSED_VARIABLE = YES;
				IPHONEOS_DEPLOYMENT_TARGET = 16.2;
				MTL_ENABLE_DEBUG_INFO = INCLUDE_SOURCE;
				MTL_FAST_MATH = YES;
				ONLY_ACTIVE_ARCH = YES;
				SDKROOT = iphoneos;
				SWIFT_ACTIVE_COMPILATION_CONDITIONS = DEBUG;
				SWIFT_OPTIMIZATION_LEVEL = "-Onone";
			};
			name = Debug;
		};
		B15C5DCA29D61A9300A816C4 /* Release */ = {
			isa = XCBuildConfiguration;
			buildSettings = {
				ALWAYS_SEARCH_USER_PATHS = NO;
				CLANG_ANALYZER_NONNULL = YES;
				CLANG_ANALYZER_NUMBER_OBJECT_CONVERSION = YES_AGGRESSIVE;
				CLANG_CXX_LANGUAGE_STANDARD = "gnu++20";
				CLANG_ENABLE_MODULES = YES;
				CLANG_ENABLE_OBJC_ARC = YES;
				CLANG_ENABLE_OBJC_WEAK = YES;
				CLANG_WARN_BLOCK_CAPTURE_AUTORELEASING = YES;
				CLANG_WARN_BOOL_CONVERSION = YES;
				CLANG_WARN_COMMA = YES;
				CLANG_WARN_CONSTANT_CONVERSION = YES;
				CLANG_WARN_DEPRECATED_OBJC_IMPLEMENTATIONS = YES;
				CLANG_WARN_DIRECT_OBJC_ISA_USAGE = YES_ERROR;
				CLANG_WARN_DOCUMENTATION_COMMENTS = YES;
				CLANG_WARN_EMPTY_BODY = YES;
				CLANG_WARN_ENUM_CONVERSION = YES;
				CLANG_WARN_INFINITE_RECURSION = YES;
				CLANG_WARN_INT_CONVERSION = YES;
				CLANG_WARN_NON_LITERAL_NULL_CONVERSION = YES;
				CLANG_WARN_OBJC_IMPLICIT_RETAIN_SELF = YES;
				CLANG_WARN_OBJC_LITERAL_CONVERSION = YES;
				CLANG_WARN_OBJC_ROOT_CLASS = YES_ERROR;
				CLANG_WARN_QUOTED_INCLUDE_IN_FRAMEWORK_HEADER = YES;
				CLANG_WARN_RANGE_LOOP_ANALYSIS = YES;
				CLANG_WARN_STRICT_PROTOTYPES = YES;
				CLANG_WARN_SUSPICIOUS_MOVE = YES;
				CLANG_WARN_UNGUARDED_AVAILABILITY = YES_AGGRESSIVE;
				CLANG_WARN_UNREACHABLE_CODE = YES;
				CLANG_WARN__DUPLICATE_METHOD_MATCH = YES;
				COPY_PHASE_STRIP = NO;
				DEBUG_INFORMATION_FORMAT = "dwarf-with-dsym";
				ENABLE_NS_ASSERTIONS = NO;
				ENABLE_STRICT_OBJC_MSGSEND = YES;
				GCC_C_LANGUAGE_STANDARD = gnu11;
				GCC_NO_COMMON_BLOCKS = YES;
				GCC_WARN_64_TO_32_BIT_CONVERSION = YES;
				GCC_WARN_ABOUT_RETURN_TYPE = YES_ERROR;
				GCC_WARN_UNDECLARED_SELECTOR = YES;
				GCC_WARN_UNINITIALIZED_AUTOS = YES_AGGRESSIVE;
				GCC_WARN_UNUSED_FUNCTION = YES;
				GCC_WARN_UNUSED_VARIABLE = YES;
				IPHONEOS_DEPLOYMENT_TARGET = 16.2;
				MTL_ENABLE_DEBUG_INFO = NO;
				MTL_FAST_MATH = YES;
				SDKROOT = iphoneos;
				SWIFT_COMPILATION_MODE = wholemodule;
				SWIFT_OPTIMIZATION_LEVEL = "-O";
				VALIDATE_PRODUCT = YES;
			};
			name = Release;
		};
		B15C5DD229D61A9300A816C4 /* Debug */ = {
			isa = XCBuildConfiguration;
			buildSettings = {
				ALWAYS_EMBED_SWIFT_STANDARD_LIBRARIES = YES;
				CODE_SIGN_STYLE = Automatic;
				CURRENT_PROJECT_VERSION = 1;
				GENERATE_INFOPLIST_FILE = YES;
				MARKETING_VERSION = 1.0;
				PRODUCT_BUNDLE_IDENTIFIER = com.adyen.PlacesUITests;
				PRODUCT_NAME = "$(TARGET_NAME)";
				SWIFT_EMIT_LOC_STRINGS = NO;
				SWIFT_VERSION = 5.0;
				TARGETED_DEVICE_FAMILY = "1,2";
				TEST_TARGET_NAME = Places;
			};
			name = Debug;
		};
		B15C5DD329D61A9300A816C4 /* Release */ = {
			isa = XCBuildConfiguration;
			buildSettings = {
				ALWAYS_EMBED_SWIFT_STANDARD_LIBRARIES = YES;
				CODE_SIGN_STYLE = Automatic;
				CURRENT_PROJECT_VERSION = 1;
				GENERATE_INFOPLIST_FILE = YES;
				MARKETING_VERSION = 1.0;
				PRODUCT_BUNDLE_IDENTIFIER = com.adyen.PlacesUITests;
				PRODUCT_NAME = "$(TARGET_NAME)";
				SWIFT_EMIT_LOC_STRINGS = NO;
				SWIFT_VERSION = 5.0;
				TARGETED_DEVICE_FAMILY = "1,2";
				TEST_TARGET_NAME = Places;
			};
			name = Release;
		};
/* End XCBuildConfiguration section */

/* Begin XCConfigurationList section */
		5AC5AD172A0278F000C59D84 /* Build configuration list for PBXNativeTarget "PlacesUIKit" */ = {
			isa = XCConfigurationList;
			buildConfigurations = (
				5AC5AD182A0278F000C59D84 /* Debug */,
				5AC5AD192A0278F000C59D84 /* Release */,
			);
			defaultConfigurationIsVisible = 0;
			defaultConfigurationName = Release;
		};
		7525C4D42AB07012003D55F3 /* Build configuration list for PBXNativeTarget "Places" */ = {
			isa = XCConfigurationList;
			buildConfigurations = (
				7525C4D02AB07012003D55F3 /* Debug */,
				7525C4D12AB07012003D55F3 /* Release */,
			);
			defaultConfigurationIsVisible = 0;
			defaultConfigurationName = Release;
		};
		7525C4D52AB07012003D55F3 /* Build configuration list for PBXNativeTarget "PlacesTests" */ = {
			isa = XCConfigurationList;
			buildConfigurations = (
				7525C4D22AB07012003D55F3 /* Debug */,
				7525C4D32AB07012003D55F3 /* Release */,
			);
			defaultConfigurationIsVisible = 0;
			defaultConfigurationName = Release;
		};
		B15C5DA229D61A9200A816C4 /* Build configuration list for PBXProject "Places" */ = {
			isa = XCConfigurationList;
			buildConfigurations = (
				B15C5DC929D61A9300A816C4 /* Debug */,
				B15C5DCA29D61A9300A816C4 /* Release */,
			);
			defaultConfigurationIsVisible = 0;
			defaultConfigurationName = Release;
		};
		B15C5DD129D61A9300A816C4 /* Build configuration list for PBXNativeTarget "PlacesUITests" */ = {
			isa = XCConfigurationList;
			buildConfigurations = (
				B15C5DD229D61A9300A816C4 /* Debug */,
				B15C5DD329D61A9300A816C4 /* Release */,
			);
			defaultConfigurationIsVisible = 0;
			defaultConfigurationName = Release;
		};
/* End XCConfigurationList section */

/* Begin XCRemoteSwiftPackageReference section */
		B15C5DD429D61AC000A816C4 /* XCRemoteSwiftPackageReference "adyen-networking-ios" */ = {
			isa = XCRemoteSwiftPackageReference;
			repositoryURL = "https://github.com/Adyen/adyen-networking-ios";
			requirement = {
				kind = upToNextMajorVersion;
				minimumVersion = 2.0.0;
			};
		};
/* End XCRemoteSwiftPackageReference section */

/* Begin XCSwiftPackageProductDependency section */
		7525C4DA2AB070FB003D55F3 /* AdyenNetworking */ = {
			isa = XCSwiftPackageProductDependency;
			package = B15C5DD429D61AC000A816C4 /* XCRemoteSwiftPackageReference "adyen-networking-ios" */;
			productName = AdyenNetworking;
		};
/* End XCSwiftPackageProductDependency section */
	};
	rootObject = B15C5D9F29D61A9200A816C4 /* Project object */;
}
